# THIS IS AN AUTOGENERATED FILE. DO NOT EDIT THIS FILE DIRECTLY.
# yarn lockfile v1


nats@^0.7.10:
  version "0.7.10"
  resolved "https://registry.yarnpkg.com/nats/-/nats-0.7.10.tgz#9ba4ab687400773504f551fa160e2f4a4cae6c15"
  dependencies:
    nuid ">=0.6.8"

nuid@>=0.6.8:
  version "0.6.8"
  resolved "https://registry.yarnpkg.com/nuid/-/nuid-0.6.8.tgz#51f220ab92633d914deb66bb1f6052d11f07cd17"
